<?xml version="1.0" encoding="utf-8"?>
<Project ToolsVersion="17.0" xmlns="http://schemas.microsoft.com/developer/msbuild/2003">
  <ItemGroup>
    <ClCompile Include="C:\Users\etreh\Documents\Programming\Otus\C++_Developer_2023_06\Basic\lesson_5\otus_cpp_basic_hw3\Source\main.cpp">
      <Filter>Source Files</Filter>
    </ClCompile>
  </ItemGroup>
  <ItemGroup>
    <ClInclude Include="C:\Users\etreh\Documents\Programming\Otus\C++_Developer_2023_06\Basic\lesson_5\otus_cpp_basic_hw3\Source\main.h">
      <Filter>Header Files</Filter>
    </ClInclude>
  </ItemGroup>
  <ItemGroup>
    <CustomBuild Include="C:\Users\etreh\Documents\Programming\Otus\C++_Developer_2023_06\Basic\lesson_5\otus_cpp_basic_hw3\Source\CMakeLists.txt" />
  </ItemGroup>
  <ItemGroup>
    <Filter Include="Header Files">
      <UniqueIdentifier>{7EBD9B02-C864-3A05-9E64-33DEDDA167F3}</UniqueIdentifier>
    </Filter>
    <Filter Include="Source Files">
      <UniqueIdentifier>{E375FBED-DFC1-34E9-BD6D-BB38C0FA4CC4}</UniqueIdentifier>
    </Filter>
  </ItemGroup>
</Project>
